
Microsoft Visual Studio Solution File, Format Version 12.00
# Visual Studio Version 17
VisualStudioVersion = 17.7.34202.233
MinimumVisualStudioVersion = 10.0.40219.1
Project("{F2A71F9B-5D33-465A-A702-920D77279786}") = "BulkyWeb", "BulkyWeb\BulkyWeb.fsproj", "{C965CDEC-8602-4828-B24D-BF653D27C286}"
EndProject
Global
	GlobalSection(SolutionConfigurationPlatforms) = preSolution
		Debug|Any CPU = Debug|Any CPU
		Release|Any CPU = Release|Any CPU
	EndGlobalSection
	GlobalSection(ProjectConfigurationPlatforms) = postSolution
		{C965CDEC-8602-4828-B24D-BF653D27C286}.Debug|Any CPU.ActiveCfg = Debug|Any CPU
		{C965CDEC-8602-4828-B24D-BF653D27C286}.Debug|Any CPU.Build.0 = Debug|Any CPU
		{C965CDEC-8602-4828-B24D-BF653D27C286}.Release|Any CPU.ActiveCfg = Release|Any CPU
		{C965CDEC-8602-4828-B24D-BF653D27C286}.Release|Any CPU.Build.0 = Release|Any CPU
	EndGlobalSection
	GlobalSection(SolutionProperties) = preSolution
		HideSolutionNode = FALSE
	EndGlobalSection
	GlobalSection(ExtensibilityGlobals) = postSolution
		SolutionGuid = {16002007-4CB5-4B52-B034-DC3FA630DDD4}
	EndGlobalSection
EndGlobal
